{
  "nodes": {
    "root": {
      "inputs": {
        "stable": "stable",
        "unstable": "unstable"
      }
    },
    "stable": {
      "locked": {
        "lastModified": 1651310835,
        "narHash": "sha256-MLk/zsLlbPhwFucxL64Fr+oIrvQC2/76Ap2F7ekbPNI=",
        "owner": "NixOS",
        "repo": "nixpkgs",
        "rev": "fd3e33d696b81e76b30160dfad2efb7ac1f19879",
        "type": "github"
      },
      "original": {
        "owner": "NixOS",
        "ref": "nixos-21.11",
        "repo": "nixpkgs",
        "type": "github"
      }
    },
    "unstable": {
      "locked": {
        "lastModified": 1651007983,
        "narHash": "sha256-GNay7yDPtLcRcKCNHldug85AhAvBpTtPEJWSSDYBw8U=",
        "owner": "NixOS",
        "repo": "nixpkgs",
        "rev": "e10da1c7f542515b609f8dfbcf788f3d85b14936",
        "type": "github"
      },
      "original": {
        "owner": "NixOS",
        "ref": "nixos-unstable",
        "repo": "nixpkgs",
        "type": "github"
      }
    }
  },
  "root": "root",
  "version": 7
}
